
Microsoft Visual Studio Solution File, Format Version 12.00
# Visual Studio Version 16
VisualStudioVersion = 16.0.32510.428
MinimumVisualStudioVersion = 10.0.40219.1
Project("{8BC9CEB8-8B4A-11D0-8D11-00A0C91BC942}") = "Lab1-OpenCV", "Lab1-OpenCV.vcxproj", "{2D79D2D4-2359-4D53-B1FA-70A4B22A1BBB}"
EndProject
Project("{8BC9CEB8-8B4A-11D0-8D11-00A0C91BC942}") = "Lab2-OpenCV", "Lab2-OpenCV\Lab2-OpenCV.vcxproj", "{1B2472C7-36ED-4036-A003-05DD5D86925F}"
EndProject
Project("{8BC9CEB8-8B4A-11D0-8D11-00A0C91BC942}") = "Lab3-OpenCV", "Lab3-OpenCV\Lab3-OpenCV.vcxproj", "{26004300-D868-4783-B4B7-C085E9DA9F46}"
EndProject
Project("{8BC9CEB8-8B4A-11D0-8D11-00A0C91BC942}") = "Lab4-OpenCV", "Lab4-OpenCV\Lab4-OpenCV.vcxproj", "{54587C7B-DC6A-4488-A381-3D27190EB43A}"
EndProject
Project("{8BC9CEB8-8B4A-11D0-8D11-00A0C91BC942}") = "Lab5-OpenCV", "Lab5-OpenCV\Lab5-OpenCV.vcxproj", "{64216B3F-B31C-4AD2-B429-D52CC4C8A15D}"
EndProject
Project("{2150E333-8FDC-42A3-9474-1A3956D46DE8}") = "Solution Items", "Solution Items", "{FBA87501-277C-44FD-9705-08FC62FCA4F3}"
	ProjectSection(SolutionItems) = preProject
		README.md = README.md
	EndProjectSection
EndProject
Project("{8BC9CEB8-8B4A-11D0-8D11-00A0C91BC942}") = "Lab6-OpenCV", "Lab6-OpenCV\Lab6-OpenCV.vcxproj", "{08C028E5-FF15-4CBA-94CF-4AAEA3304DFA}"
EndProject
Project("{8BC9CEB8-8B4A-11D0-8D11-00A0C91BC942}") = "Lab7-OpenCV", "Lab7-OpenCV\Lab7-OpenCV.vcxproj", "{6FCB3777-E7C5-489B-B4FD-EA612B3E85B2}"
EndProject
Global
	GlobalSection(SolutionConfigurationPlatforms) = preSolution
		Debug|x64 = Debug|x64
		Debug|x86 = Debug|x86
		Release|x64 = Release|x64
		Release|x86 = Release|x86
	EndGlobalSection
	GlobalSection(ProjectConfigurationPlatforms) = postSolution
		{2D79D2D4-2359-4D53-B1FA-70A4B22A1BBB}.Debug|x64.ActiveCfg = Debug|x64
		{2D79D2D4-2359-4D53-B1FA-70A4B22A1BBB}.Debug|x64.Build.0 = Debug|x64
		{2D79D2D4-2359-4D53-B1FA-70A4B22A1BBB}.Debug|x86.ActiveCfg = Debug|Win32
		{2D79D2D4-2359-4D53-B1FA-70A4B22A1BBB}.Debug|x86.Build.0 = Debug|Win32
		{2D79D2D4-2359-4D53-B1FA-70A4B22A1BBB}.Release|x64.ActiveCfg = Release|x64
		{2D79D2D4-2359-4D53-B1FA-70A4B22A1BBB}.Release|x64.Build.0 = Release|x64
		{2D79D2D4-2359-4D53-B1FA-70A4B22A1BBB}.Release|x86.ActiveCfg = Release|Win32
		{2D79D2D4-2359-4D53-B1FA-70A4B22A1BBB}.Release|x86.Build.0 = Release|Win32
		{1B2472C7-36ED-4036-A003-05DD5D86925F}.Debug|x64.ActiveCfg = Debug|x64
		{1B2472C7-36ED-4036-A003-05DD5D86925F}.Debug|x64.Build.0 = Debug|x64
		{1B2472C7-36ED-4036-A003-05DD5D86925F}.Debug|x86.ActiveCfg = Debug|Win32
		{1B2472C7-36ED-4036-A003-05DD5D86925F}.Debug|x86.Build.0 = Debug|Win32
		{1B2472C7-36ED-4036-A003-05DD5D86925F}.Release|x64.ActiveCfg = Release|x64
		{1B2472C7-36ED-4036-A003-05DD5D86925F}.Release|x64.Build.0 = Release|x64
		{1B2472C7-36ED-4036-A003-05DD5D86925F}.Release|x86.ActiveCfg = Release|Win32
		{1B2472C7-36ED-4036-A003-05DD5D86925F}.Release|x86.Build.0 = Release|Win32
		{26004300-D868-4783-B4B7-C085E9DA9F46}.Debug|x64.ActiveCfg = Debug|x64
		{26004300-D868-4783-B4B7-C085E9DA9F46}.Debug|x64.Build.0 = Debug|x64
		{26004300-D868-4783-B4B7-C085E9DA9F46}.Debug|x86.ActiveCfg = Debug|Win32
		{26004300-D868-4783-B4B7-C085E9DA9F46}.Debug|x86.Build.0 = Debug|Win32
		{26004300-D868-4783-B4B7-C085E9DA9F46}.Release|x64.ActiveCfg = Release|x64
		{26004300-D868-4783-B4B7-C085E9DA9F46}.Release|x64.Build.0 = Release|x64
		{26004300-D868-4783-B4B7-C085E9DA9F46}.Release|x86.ActiveCfg = Release|Win32
		{26004300-D868-4783-B4B7-C085E9DA9F46}.Release|x86.Build.0 = Release|Win32
		{54587C7B-DC6A-4488-A381-3D27190EB43A}.Debug|x64.ActiveCfg = Debug|x64
		{54587C7B-DC6A-4488-A381-3D27190EB43A}.Debug|x64.Build.0 = Debug|x64
		{54587C7B-DC6A-4488-A381-3D27190EB43A}.Debug|x86.ActiveCfg = Debug|Win32
		{54587C7B-DC6A-4488-A381-3D27190EB43A}.Debug|x86.Build.0 = Debug|Win32
		{54587C7B-DC6A-4488-A381-3D27190EB43A}.Release|x64.ActiveCfg = Release|x64
		{54587C7B-DC6A-4488-A381-3D27190EB43A}.Release|x64.Build.0 = Release|x64
		{54587C7B-DC6A-4488-A381-3D27190EB43A}.Release|x86.ActiveCfg = Release|Win32
		{54587C7B-DC6A-4488-A381-3D27190EB43A}.Release|x86.Build.0 = Release|Win32
		{64216B3F-B31C-4AD2-B429-D52CC4C8A15D}.Debug|x64.ActiveCfg = Debug|x64
		{64216B3F-B31C-4AD2-B429-D52CC4C8A15D}.Debug|x64.Build.0 = Debug|x64
		{64216B3F-B31C-4AD2-B429-D52CC4C8A15D}.Debug|x86.ActiveCfg = Debug|Win32
		{64216B3F-B31C-4AD2-B429-D52CC4C8A15D}.Debug|x86.Build.0 = Debug|Win32
		{64216B3F-B31C-4AD2-B429-D52CC4C8A15D}.Release|x64.ActiveCfg = Release|x64
		{64216B3F-B31C-4AD2-B429-D52CC4C8A15D}.Release|x64.Build.0 = Release|x64
		{64216B3F-B31C-4AD2-B429-D52CC4C8A15D}.Release|x86.ActiveCfg = Release|Win32
		{64216B3F-B31C-4AD2-B429-D52CC4C8A15D}.Release|x86.Build.0 = Release|Win32
		{08C028E5-FF15-4CBA-94CF-4AAEA3304DFA}.Debug|x64.ActiveCfg = Debug|x64
		{08C028E5-FF15-4CBA-94CF-4AAEA3304DFA}.Debug|x64.Build.0 = Debug|x64
		{08C028E5-FF15-4CBA-94CF-4AAEA3304DFA}.Debug|x86.ActiveCfg = Debug|Win32
		{08C028E5-FF15-4CBA-94CF-4AAEA3304DFA}.Debug|x86.Build.0 = Debug|Win32
		{08C028E5-FF15-4CBA-94CF-4AAEA3304DFA}.Release|x64.ActiveCfg = Release|x64
		{08C028E5-FF15-4CBA-94CF-4AAEA3304DFA}.Release|x64.Build.0 = Release|x64
		{08C028E5-FF15-4CBA-94CF-4AAEA3304DFA}.Release|x86.ActiveCfg = Release|Win32
		{08C028E5-FF15-4CBA-94CF-4AAEA3304DFA}.Release|x86.Build.0 = Release|Win32
		{6FCB3777-E7C5-489B-B4FD-EA612B3E85B2}.Debug|x64.ActiveCfg = Debug|x64
		{6FCB3777-E7C5-489B-B4FD-EA612B3E85B2}.Debug|x64.Build.0 = Debug|x64
		{6FCB3777-E7C5-489B-B4FD-EA612B3E85B2}.Debug|x86.ActiveCfg = Debug|Win32
		{6FCB3777-E7C5-489B-B4FD-EA612B3E85B2}.Debug|x86.Build.0 = Debug|Win32
		{6FCB3777-E7C5-489B-B4FD-EA612B3E85B2}.Release|x64.ActiveCfg = Release|x64
		{6FCB3777-E7C5-489B-B4FD-EA612B3E85B2}.Release|x64.Build.0 = Release|x64
		{6FCB3777-E7C5-489B-B4FD-EA612B3E85B2}.Release|x86.ActiveCfg = Release|Win32
		{6FCB3777-E7C5-489B-B4FD-EA612B3E85B2}.Release|x86.Build.0 = Release|Win32
	EndGlobalSection
	GlobalSection(SolutionProperties) = preSolution
		HideSolutionNode = FALSE
	EndGlobalSection
	GlobalSection(ExtensibilityGlobals) = postSolution
		SolutionGuid = {BD837E20-51CD-4DF1-B24F-4512359A3997}
	EndGlobalSection
EndGlobal
